// !$*UTF8*$!
{
	archiveVersion = 1;
	classes = {
	};
	objectVersion = 46;
	objects = {

/* Begin PBXBuildFile section */
		133FAC0C1EF4ED9D00D43E4B /* AppDelegate.swift in Sources */ = {isa = PBXBuildFile; fileRef = 133FAC0B1EF4ED9D00D43E4B /* AppDelegate.swift */; };
		133FAC0E1EF4ED9D00D43E4B /* AccelerometerExampleVC.swift in Sources */ = {isa = PBXBuildFile; fileRef = 133FAC0D1EF4ED9D00D43E4B /* AccelerometerExampleVC.swift */; };
		133FAC111EF4ED9D00D43E4B /* Main.storyboard in Resources */ = {isa = PBXBuildFile; fileRef = 133FAC0F1EF4ED9D00D43E4B /* Main.storyboard */; };
		133FAC131EF4ED9D00D43E4B /* Assets.xcassets in Resources */ = {isa = PBXBuildFile; fileRef = 133FAC121EF4ED9D00D43E4B /* Assets.xcassets */; };
		133FAC161EF4ED9D00D43E4B /* LaunchScreen.storyboard in Resources */ = {isa = PBXBuildFile; fileRef = 133FAC141EF4ED9D00D43E4B /* LaunchScreen.storyboard */; };
		133FAC1F1EF505A300D43E4B /* GyroExampleVC.swift in Sources */ = {isa = PBXBuildFile; fileRef = 133FAC1E1EF505A300D43E4B /* GyroExampleVC.swift */; };
/* End PBXBuildFile section */

/* Begin PBXFileReference section */
		133FAC081EF4ED9D00D43E4B /* CoreMotionDemo.app */ = {isa = PBXFileReference; explicitFileType = wrapper.application; includeInIndex = 0; path = CoreMotionDemo.app; sourceTree = BUILT_PRODUCTS_DIR; };
		133FAC0B1EF4ED9D00D43E4B /* AppDelegate.swift */ = {isa = PBXFileReference; lastKnownFileType = sourcecode.swift; path = AppDelegate.swift; sourceTree = "<group>"; };
		133FAC0D1EF4ED9D00D43E4B /* AccelerometerExampleVC.swift */ = {isa = PBXFileReference; lastKnownFileType = sourcecode.swift; path = AccelerometerExampleVC.swift; sourceTree = "<group>"; };
		133FAC101EF4ED9D00D43E4B /* Base */ = {isa = PBXFileReference; lastKnownFileType = file.storyboard; name = Base; path = Base.lproj/Main.storyboard; sourceTree = "<group>"; };
		133FAC121EF4ED9D00D43E4B /* Assets.xcassets */ = {isa = PBXFileReference; lastKnownFileType = folder.assetcatalog; path = Assets.xcassets; sourceTree = "<group>"; };
		133FAC151EF4ED9D00D43E4B /* Base */ = {isa = PBXFileReference; lastKnownFileType = file.storyboard; name = Base; path = Base.lproj/LaunchScreen.storyboard; sourceTree = "<group>"; };
		133FAC171EF4ED9D00D43E4B /* Info.plist */ = {isa = PBXFileReference; lastKnownFileType = text.plist.xml; path = Info.plist; sourceTree = "<group>"; };
		133FAC1E1EF505A300D43E4B /* GyroExampleVC.swift */ = {isa = PBXFileReference; fileEncoding = 4; lastKnownFileType = sourcecode.swift; path = GyroExampleVC.swift; sourceTree = "<group>"; };
/* End PBXFileReference section */

/* Begin PBXFrameworksBuildPhase section */
		133FAC051EF4ED9D00D43E4B /* Frameworks */ = {
			isa = PBXFrameworksBuildPhase;
			buildActionMask = 2147483647;
			files = (
			);
			runOnlyForDeploymentPostprocessing = 0;
		};
/* End PBXFrameworksBuildPhase section */

/* Begin PBXGroup section */
		133FABFF1EF4ED9C00D43E4B = {
			isa = PBXGroup;
			children = (
				133FAC0A1EF4ED9D00D43E4B /* CoreMotionDemo */,
				133FAC091EF4ED9D00D43E4B /* Products */,
			);
			sourceTree = "<group>";
		};
		133FAC091EF4ED9D00D43E4B /* Products */ = {
			isa = PBXGroup;
			children = (
				133FAC081EF4ED9D00D43E4B /* CoreMotionDemo.app */,
			);
			name = Products;
			sourceTree = "<group>";
		};
		133FAC0A1EF4ED9D00D43E4B /* CoreMotionDemo */ = {
			isa = PBXGroup;
			children = (
				133FAC0D1EF4ED9D00D43E4B /* AccelerometerExampleVC.swift */,
				133FAC1E1EF505A300D43E4B /* GyroExampleVC.swift */,
				133FAC0F1EF4ED9D00D43E4B /* Main.storyboard */,
				133FAC1D1EF5051B00D43E4B /* SupportingFiles */,
			);
			path = CoreMotionDemo;
			sourceTree = "<group>";
		};
		133FAC1D1EF5051B00D43E4B /* SupportingFiles */ = {
			isa = PBXGroup;
			children = (
				133FAC0B1EF4ED9D00D43E4B /* AppDelegate.swift */,
				133FAC121EF4ED9D00D43E4B /* Assets.xcassets */,
				133FAC141EF4ED9D00D43E4B /* LaunchScreen.storyboard */,
				133FAC171EF4ED9D00D43E4B /* Info.plist */,
			);
			name = SupportingFiles;
			sourceTree = "<group>";
		};
/* End PBXGroup section */

/* Begin PBXNativeTarget section */
		133FAC071EF4ED9D00D43E4B /* CoreMotionDemo */ = {
			isa = PBXNativeTarget;
			buildConfigurationList = 133FAC1A1EF4ED9D00D43E4B /* Build configuration list for PBXNativeTarget "CoreMotionDemo" */;
			buildPhases = (
				133FAC041EF4ED9D00D43E4B /* Sources */,
				133FAC051EF4ED9D00D43E4B /* Frameworks */,
				133FAC061EF4ED9D00D43E4B /* Resources */,
			);
			buildRules = (
			);
			dependencies = (
			);
			name = CoreMotionDemo;
			productName = CoreMotionDemo;
			productReference = 133FAC081EF4ED9D00D43E4B /* CoreMotionDemo.app */;
			productType = "com.apple.product-type.application";
		};
/* End PBXNativeTarget section */

/* Begin PBXProject section */
		133FAC001EF4ED9C00D43E4B /* Project object */ = {
			isa = PBXProject;
			attributes = {
				LastSwiftUpdateCheck = 0830;
				LastUpgradeCheck = 0830;
				ORGANIZATIONNAME = "Vikash Kumar";
				TargetAttributes = {
					133FAC071EF4ED9D00D43E4B = {
						CreatedOnToolsVersion = 8.3.3;
						DevelopmentTeam = RF7N2574KF;
						ProvisioningStyle = Automatic;
					};
				};
			};
			buildConfigurationList = 133FAC031EF4ED9C00D43E4B /* Build configuration list for PBXProject "CoreMotionDemo" */;
			compatibilityVersion = "Xcode 3.2";
			developmentRegion = English;
			hasScannedForEncodings = 0;
			knownRegions = (
				en,
				Base,
			);
			mainGroup = 133FABFF1EF4ED9C00D43E4B;
			productRefGroup = 133FAC091EF4ED9D00D43E4B /* Products */;
			projectDirPath = "";
			projectRoot = "";
			targets = (
				133FAC071EF4ED9D00D43E4B /* CoreMotionDemo */,
			);
		};
/* End PBXProject section */

/* Begin PBXResourcesBuildPhase section */
		133FAC061EF4ED9D00D43E4B /* Resources */ = {
			isa = PBXResourcesBuildPhase;
			buildActionMask = 2147483647;
			files = (
				133FAC161EF4ED9D00D43E4B /* LaunchScreen.storyboard in Resources */,
				133FAC131EF4ED9D00D43E4B /* Assets.xcassets in Resources */,
				133FAC111EF4ED9D00D43E4B /* Main.storyboard in Resources */,
			);
			runOnlyForDeploymentPostprocessing = 0;
		};
/* End PBXResourcesBuildPhase section */

/* Begin PBXSourcesBuildPhase section */
		133FAC041EF4ED9D00D43E4B /* Sources */ = {
			isa = PBXSourcesBuildPhase;
			buildActionMask = 2147483647;
			files = (
				133FAC0E1EF4ED9D00D43E4B /* AccelerometerExampleVC.swift in Sources */,
				133FAC0C1EF4ED9D00D43E4B /* AppDelegate.swift in Sources */,
				133FAC1F1EF505A300D43E4B /* GyroExampleVC.swift in Sources */,
			);
			runOnlyForDeploymentPostprocessing = 0;
		};
/* End PBXSourcesBuildPhase section */

/* Begin PBXVariantGroup section */
		133FAC0F1EF4ED9D00D43E4B /* Main.storyboard */ = {
			isa = PBXVariantGroup;
			children = (
				133FAC101EF4ED9D00D43E4B /* Base */,
			);
			name = Main.storyboard;
			sourceTree = "<group>";
		};
		133FAC141EF4ED9D00D43E4B /* LaunchScreen.storyboard */ = {
			isa = PBXVariantGroup;
			children = (
				133FAC151EF4ED9D00D43E4B /* Base */,
			);
			name = LaunchScreen.storyboard;
			sourceTree = "<group>";
		};
/* End PBXVariantGroup section */

/* Begin XCBuildConfiguration section */
		133FAC181EF4ED9D00D43E4B /* Debug */ = {
			isa = XCBuildConfiguration;
			buildSettings = {
				ALWAYS_SEARCH_USER_PATHS = NO;
				CLANG_ANALYZER_NONNULL = YES;
				CLANG_ANALYZER_NUMBER_OBJECT_CONVERSION = YES_AGGRESSIVE;
				CLANG_CXX_LANGUAGE_STANDARD = "gnu++0x";
				CLANG_CXX_LIBRARY = "libc++";
				CLANG_ENABLE_MODULES = YES;
				CLANG_ENABLE_OBJC_ARC = YES;
				CLANG_WARN_BOOL_CONVERSION = YES;
				CLANG_WARN_CONSTANT_CONVERSION = YES;
				CLANG_WARN_DIRECT_OBJC_ISA_USAGE = YES_ERROR;
				CLANG_WARN_DOCUMENTATION_COMMENTS = YES;
				CLANG_WARN_EMPTY_BODY = YES;
				CLANG_WARN_ENUM_CONVERSION = YES;
				CLANG_WARN_INFINITE_RECURSION = YES;
				CLANG_WARN_INT_CONVERSION = YES;
				CLANG_WARN_OBJC_ROOT_CLASS = YES_ERROR;
				CLANG_WARN_SUSPICIOUS_MOVE = YES;
				CLANG_WARN_UNREACHABLE_CODE = YES;
				CLANG_WARN__DUPLICATE_METHOD_MATCH = YES;
				"CODE_SIGN_IDENTITY[sdk=iphoneos*]" = "iPhone Developer";
				COPY_PHASE_STRIP = NO;
				DEBUG_INFORMATION_FORMAT = dwarf;
				ENABLE_STRICT_OBJC_MSGSEND = YES;
				ENABLE_TESTABILITY = YES;
				GCC_C_LANGUAGE_STANDARD = gnu99;
				GCC_DYNAMIC_NO_PIC = NO;
				GCC_NO_COMMON_BLOCKS = YES;
				GCC_OPTIMIZATION_LEVEL = 0;
				GCC_PREPROCESSOR_DEFINITIONS = (
					"DEBUG=1",
					"$(inherited)",
				);
				GCC_WARN_64_TO_32_BIT_CONVERSION = YES;
				GCC_WARN_ABOUT_RETURN_TYPE = YES_ERROR;
				GCC_WARN_UNDECLARED_SELECTOR = YES;
				GCC_WARN_UNINITIALIZED_AUTOS = YES_AGGRESSIVE;
				GCC_WARN_UNUSED_FUNCTION = YES;
				GCC_WARN_UNUSED_VARIABLE = YES;
				IPHONEOS_DEPLOYMENT_TARGET = 10.3;
				MTL_ENABLE_DEBUG_INFO = YES;
				ONLY_ACTIVE_ARCH = YES;
				SDKROOT = iphoneos;
				SWIFT_ACTIVE_COMPILATION_CONDITIONS = DEBUG;
				SWIFT_OPTIMIZATION_LEVEL = "-Onone";
				TARGETED_DEVICE_FAMILY = "1,2";
			};
			name = Debug;
		};
		133FAC191EF4ED9D00D43E4B /* Release */ = {
			isa = XCBuildConfiguration;
			buildSettings = {
				ALWAYS_SEARCH_USER_PATHS = NO;
				CLANG_ANALYZER_NONNULL = YES;
				CLANG_ANALYZER_NUMBER_OBJECT_CONVERSION = YES_AGGRESSIVE;
				CLANG_CXX_LANGUAGE_STANDARD = "gnu++0x";
				CLANG_CXX_LIBRARY = "libc++";
				CLANG_ENABLE_MODULES = YES;
				CLANG_ENABLE_OBJC_ARC = YES;
				CLANG_WARN_BOOL_CONVERSION = YES;
				CLANG_WARN_CONSTANT_CONVERSION = YES;
				CLANG_WARN_DIRECT_OBJC_ISA_USAGE = YES_ERROR;
				CLANG_WARN_DOCUMENTATION_COMMENTS = YES;
				CLANG_WARN_EMPTY_BODY = YES;
				CLANG_WARN_ENUM_CONVERSION = YES;
				CLANG_WARN_INFINITE_RECURSION = YES;
				CLANG_WARN_INT_CONVERSION = YES;
				CLANG_WARN_OBJC_ROOT_CLASS = YES_ERROR;
				CLANG_WARN_SUSPICIOUS_MOVE = YES;
				CLANG_WARN_UNREACHABLE_CODE = YES;
				CLANG_WARN__DUPLICATE_METHOD_MATCH = YES;
				"CODE_SIGN_IDENTITY[sdk=iphoneos*]" = "iPhone Developer";
				COPY_PHASE_STRIP = NO;
				DEBUG_INFORMATION_FORMAT = "dwarf-with-dsym";
				ENABLE_NS_ASSERTIONS = NO;
				ENABLE_STRICT_OBJC_MSGSEND = YES;
				GCC_C_LANGUAGE_STANDARD = gnu99;
				GCC_NO_COMMON_BLOCKS = YES;
				GCC_WARN_64_TO_32_BIT_CONVERSION = YES;
				GCC_WARN_ABOUT_RETURN_TYPE = YES_ERROR;
				GCC_WARN_UNDECLARED_SELECTOR = YES;
				GCC_WARN_UNINITIALIZED_AUTOS = YES_AGGRESSIVE;
				GCC_WARN_UNUSED_FUNCTION = YES;
				GCC_WARN_UNUSED_VARIABLE = YES;
				IPHONEOS_DEPLOYMENT_TARGET = 10.3;
				MTL_ENABLE_DEBUG_INFO = NO;
				SDKROOT = iphoneos;
				SWIFT_OPTIMIZATION_LEVEL = "-Owholemodule";
				TARGETED_DEVICE_FAMILY = "1,2";
				VALIDATE_PRODUCT = YES;
			};
			name = Release;
		};
		133FAC1B1EF4ED9D00D43E4B /* Debug */ = {
			isa = XCBuildConfiguration;
			buildSettings = {
				ASSETCATALOG_COMPILER_APPICON_NAME = AppIcon;
				DEVELOPMENT_TEAM = RF7N2574KF;
				INFOPLIST_FILE = CoreMotionDemo/Info.plist;
				IPHONEOS_DEPLOYMENT_TARGET = 10.0;
				LD_RUNPATH_SEARCH_PATHS = "$(inherited) @executable_path/Frameworks";
				PRODUCT_BUNDLE_IDENTIFIER = VKP.CoreMotionDemo;
				PRODUCT_NAME = "$(TARGET_NAME)";
				SWIFT_VERSION = 3.0;
			};
			name = Debug;
		};
		133FAC1C1EF4ED9D00D43E4B /* Release */ = {
			isa = XCBuildConfiguration;
			buildSettings = {
				ASSETCATALOG_COMPILER_APPICON_NAME = AppIcon;
				DEVELOPMENT_TEAM = RF7N2574KF;
				INFOPLIST_FILE = CoreMotionDemo/Info.plist;
				IPHONEOS_DEPLOYMENT_TARGET = 10.0;
				LD_RUNPATH_SEARCH_PATHS = "$(inherited) @executable_path/Frameworks";
				PRODUCT_BUNDLE_IDENTIFIER = VKP.CoreMotionDemo;
				PRODUCT_NAME = "$(TARGET_NAME)";
				SWIFT_VERSION = 3.0;
			};
			name = Release;
		};
/* End XCBuildConfiguration section */

/* Begin XCConfigurationList section */
		133FAC031EF4ED9C00D43E4B /* Build configuration list for PBXProject "CoreMotionDemo" */ = {
			isa = XCConfigurationList;
			buildConfigurations = (
				133FAC181EF4ED9D00D43E4B /* Debug */,
				133FAC191EF4ED9D00D43E4B /* Release */,
			);
			defaultConfigurationIsVisible = 0;
			defaultConfigurationName = Release;
		};
		133FAC1A1EF4ED9D00D43E4B /* Build configuration list for PBXNativeTarget "CoreMotionDemo" */ = {
			isa = XCConfigurationList;
			buildConfigurations = (
				133FAC1B1EF4ED9D00D43E4B /* Debug */,
				133FAC1C1EF4ED9D00D43E4B /* Release */,
			);
			defaultConfigurationIsVisible = 0;
		};
/* End XCConfigurationList section */
	};
	rootObject = 133FAC001EF4ED9C00D43E4B /* Project object */;
}
